
Microsoft Visual Studio Solution File, Format Version 12.00
# Visual Studio Version 16
VisualStudioVersion = 16.0.30717.126
MinimumVisualStudioVersion = 10.0.40219.1
Project("{9A19103F-16F7-4668-BE54-9A1E7A4F7556}") = "BadThreadPool", "BadThreadPool\BadThreadPool.csproj", "{C9F3F54C-001C-42AC-8019-43666A03EF0C}"
EndProject
Project("{FAE04EC0-301F-11D3-BF4B-00C04F79EFBC}") = "ThreadPoolTest", "ThreadPoolTest\ThreadPoolTest.csproj", "{0CAD15F1-E397-4B21-B91B-733DA788AF7D}"
EndProject
Global
	GlobalSection(SolutionConfigurationPlatforms) = preSolution
		Debug|Any CPU = Debug|Any CPU
		Debug|x64 = Debug|x64
		Release|Any CPU = Release|Any CPU
		Release|x64 = Release|x64
	EndGlobalSection
	GlobalSection(ProjectConfigurationPlatforms) = postSolution
		{C9F3F54C-001C-42AC-8019-43666A03EF0C}.Debug|Any CPU.ActiveCfg = Debug|Any CPU
		{C9F3F54C-001C-42AC-8019-43666A03EF0C}.Debug|Any CPU.Build.0 = Debug|Any CPU
		{C9F3F54C-001C-42AC-8019-43666A03EF0C}.Debug|x64.ActiveCfg = Debug|x64
		{C9F3F54C-001C-42AC-8019-43666A03EF0C}.Debug|x64.Build.0 = Debug|x64
		{C9F3F54C-001C-42AC-8019-43666A03EF0C}.Release|Any CPU.ActiveCfg = Release|Any CPU
		{C9F3F54C-001C-42AC-8019-43666A03EF0C}.Release|Any CPU.Build.0 = Release|Any CPU
		{C9F3F54C-001C-42AC-8019-43666A03EF0C}.Release|x64.ActiveCfg = Release|x64
		{C9F3F54C-001C-42AC-8019-43666A03EF0C}.Release|x64.Build.0 = Release|x64
		{0CAD15F1-E397-4B21-B91B-733DA788AF7D}.Debug|Any CPU.ActiveCfg = Debug|Any CPU
		{0CAD15F1-E397-4B21-B91B-733DA788AF7D}.Debug|Any CPU.Build.0 = Debug|Any CPU
		{0CAD15F1-E397-4B21-B91B-733DA788AF7D}.Debug|x64.ActiveCfg = Debug|x64
		{0CAD15F1-E397-4B21-B91B-733DA788AF7D}.Debug|x64.Build.0 = Debug|x64
		{0CAD15F1-E397-4B21-B91B-733DA788AF7D}.Release|Any CPU.ActiveCfg = Release|Any CPU
		{0CAD15F1-E397-4B21-B91B-733DA788AF7D}.Release|Any CPU.Build.0 = Release|Any CPU
		{0CAD15F1-E397-4B21-B91B-733DA788AF7D}.Release|x64.ActiveCfg = Release|x64
		{0CAD15F1-E397-4B21-B91B-733DA788AF7D}.Release|x64.Build.0 = Release|x64
	EndGlobalSection
	GlobalSection(SolutionProperties) = preSolution
		HideSolutionNode = FALSE
	EndGlobalSection
	GlobalSection(ExtensibilityGlobals) = postSolution
		SolutionGuid = {0BD2B7AC-BD4C-4319-85E3-823B4FF01730}
	EndGlobalSection
EndGlobal
